
Microsoft Visual Studio Solution File, Format Version 12.00
# Visual Studio Version 17
VisualStudioVersion = 17.14.36414.22 d17.14
MinimumVisualStudioVersion = 10.0.40219.1
Project("{FAE04EC0-301F-11D3-BF4B-00C04F79EFBC}") = "CapaDatos", "CapaDatos\CapaDatos.csproj", "{299AA3EB-9E29-43DE-A77E-80CA981AED2C}"
EndProject
Project("{FAE04EC0-301F-11D3-BF4B-00C04F79EFBC}") = "CapaEntidades", "CapaEntidades\CapaEntidades.csproj", "{31819620-3D73-4464-827A-FEB9983AFD61}"
EndProject
Project("{FAE04EC0-301F-11D3-BF4B-00C04F79EFBC}") = "CapaNegocio", "CapaNegocio\CapaNegocio.csproj", "{ADB0A63E-E793-4905-9389-E6BE89D1D3DF}"
EndProject
Project("{FAE04EC0-301F-11D3-BF4B-00C04F79EFBC}") = "CapaPresentacion", "CapaPresentacion\CapaPresentacion.csproj", "{C0CC764F-44EF-44B9-BCFB-5F3BECD71FD4}"
EndProject
Global
	GlobalSection(SolutionConfigurationPlatforms) = preSolution
		Debug|Any CPU = Debug|Any CPU
		Release|Any CPU = Release|Any CPU
	EndGlobalSection
	GlobalSection(ProjectConfigurationPlatforms) = postSolution
		{299AA3EB-9E29-43DE-A77E-80CA981AED2C}.Debug|Any CPU.ActiveCfg = Debug|Any CPU
		{299AA3EB-9E29-43DE-A77E-80CA981AED2C}.Debug|Any CPU.Build.0 = Debug|Any CPU
		{299AA3EB-9E29-43DE-A77E-80CA981AED2C}.Release|Any CPU.ActiveCfg = Release|Any CPU
		{299AA3EB-9E29-43DE-A77E-80CA981AED2C}.Release|Any CPU.Build.0 = Release|Any CPU
		{31819620-3D73-4464-827A-FEB9983AFD61}.Debug|Any CPU.ActiveCfg = Debug|Any CPU
		{31819620-3D73-4464-827A-FEB9983AFD61}.Debug|Any CPU.Build.0 = Debug|Any CPU
		{31819620-3D73-4464-827A-FEB9983AFD61}.Release|Any CPU.ActiveCfg = Release|Any CPU
		{31819620-3D73-4464-827A-FEB9983AFD61}.Release|Any CPU.Build.0 = Release|Any CPU
		{ADB0A63E-E793-4905-9389-E6BE89D1D3DF}.Debug|Any CPU.ActiveCfg = Debug|Any CPU
		{ADB0A63E-E793-4905-9389-E6BE89D1D3DF}.Debug|Any CPU.Build.0 = Debug|Any CPU
		{ADB0A63E-E793-4905-9389-E6BE89D1D3DF}.Release|Any CPU.ActiveCfg = Release|Any CPU
		{ADB0A63E-E793-4905-9389-E6BE89D1D3DF}.Release|Any CPU.Build.0 = Release|Any CPU
		{C0CC764F-44EF-44B9-BCFB-5F3BECD71FD4}.Debug|Any CPU.ActiveCfg = Debug|Any CPU
		{C0CC764F-44EF-44B9-BCFB-5F3BECD71FD4}.Debug|Any CPU.Build.0 = Debug|Any CPU
		{C0CC764F-44EF-44B9-BCFB-5F3BECD71FD4}.Release|Any CPU.ActiveCfg = Release|Any CPU
		{C0CC764F-44EF-44B9-BCFB-5F3BECD71FD4}.Release|Any CPU.Build.0 = Release|Any CPU
	EndGlobalSection
	GlobalSection(SolutionProperties) = preSolution
		HideSolutionNode = FALSE
	EndGlobalSection
	GlobalSection(ExtensibilityGlobals) = postSolution
		SolutionGuid = {B2D18E05-E8EE-4ACA-BF02-AE0C164B2DF0}
	EndGlobalSection
EndGlobal
